
Microsoft Visual Studio Solution File, Format Version 12.00
# Visual Studio 2013
Project("{2150E333-8FDC-42A3-9474-1A3956D46DE8}") = "Engine", "Engine", "{0DF8C80F-7330-411B-8E80-A27D01967FB2}"
EndProject
Project("{2150E333-8FDC-42A3-9474-1A3956D46DE8}") = "Games", "Games", "{FAC6AB6A-010D-4C2E-9489-D510170D2C7A}"
EndProject
Project("{8BC9CEB8-8B4A-11D0-8D11-00A0C91BC942}") = "Origami", "Intermediate\ProjectFiles\Origami.vcxproj", "{CF1CF7CF-B3DE-4E55-BCD6-472DE1A22DB1}"
	ProjectSection(ProjectDependencies) = postProject
	EndProjectSection
EndProject
Project("{8BC9CEB8-8B4A-11D0-8D11-00A0C91BC942}") = "UE4", "Intermediate\ProjectFiles\UE4.vcxproj", "{6AEF474B-E237-402B-9D0A-958B86B9901A}"
EndProject
Global
	GlobalSection(SolutionConfigurationPlatforms) = preSolution
		DebugGame Editor|Windows = DebugGame Editor|Windows
		DebugGame|Windows = DebugGame|Windows
		Development Editor|Windows = Development Editor|Windows
		Development|Windows = Development|Windows
		Shipping|Windows = Shipping|Windows
	EndGlobalSection
	GlobalSection(ProjectConfigurationPlatforms) = postSolution
		{CF1CF7CF-B3DE-4E55-BCD6-472DE1A22DB1}.DebugGame Editor|Windows.ActiveCfg = DebugGame_Editor|x64
		{CF1CF7CF-B3DE-4E55-BCD6-472DE1A22DB1}.DebugGame Editor|Windows.Build.0 = DebugGame_Editor|x64
		{CF1CF7CF-B3DE-4E55-BCD6-472DE1A22DB1}.DebugGame|Windows.ActiveCfg = DebugGame_Game|x64
		{CF1CF7CF-B3DE-4E55-BCD6-472DE1A22DB1}.DebugGame|Windows.Build.0 = DebugGame_Game|x64
		{CF1CF7CF-B3DE-4E55-BCD6-472DE1A22DB1}.Development Editor|Windows.ActiveCfg = Development_Editor|x64
		{CF1CF7CF-B3DE-4E55-BCD6-472DE1A22DB1}.Development Editor|Windows.Build.0 = Development_Editor|x64
		{CF1CF7CF-B3DE-4E55-BCD6-472DE1A22DB1}.Development|Windows.ActiveCfg = Development_Game|x64
		{CF1CF7CF-B3DE-4E55-BCD6-472DE1A22DB1}.Development|Windows.Build.0 = Development_Game|x64
		{CF1CF7CF-B3DE-4E55-BCD6-472DE1A22DB1}.Shipping|Windows.ActiveCfg = Shipping_Game|Win32
		{CF1CF7CF-B3DE-4E55-BCD6-472DE1A22DB1}.Shipping|Windows.Build.0 = Shipping_Game|Win32
	EndGlobalSection
	GlobalSection(SolutionProperties) = preSolution
		HideSolutionNode = FALSE
	EndGlobalSection
	GlobalSection(NestedProjects) = preSolution
		{6AEF474B-E237-402B-9D0A-958B86B9901A} = {0DF8C80F-7330-411B-8E80-A27D01967FB2}
		{CF1CF7CF-B3DE-4E55-BCD6-472DE1A22DB1} = {FAC6AB6A-010D-4C2E-9489-D510170D2C7A}
	EndGlobalSection
EndGlobal
